
Microsoft Visual Studio Solution File, Format Version 12.00
# Visual Studio Version 17
VisualStudioVersion = 17.3.32825.248
MinimumVisualStudioVersion = 10.0.40219.1
Project("{9A19103F-16F7-4668-BE54-9A1E7A4F7556}") = "O2GOBackEnd", "O2GOBackEnd.csproj", "{1BCF4B0F-9F71-4D17-807F-EC366ABF0773}"
EndProject
Project("{FAE04EC0-301F-11D3-BF4B-00C04F79EFBC}") = "O2GOBackEnd.Tests", "..\O2GOBackEnd.Tests\O2GOBackEnd.Tests.csproj", "{625C54E8-DBFC-434E-BE7F-BDB65CD4AB77}"
EndProject
Global
	GlobalSection(SolutionConfigurationPlatforms) = preSolution
		Debug|Any CPU = Debug|Any CPU
		Release|Any CPU = Release|Any CPU
	EndGlobalSection
	GlobalSection(ProjectConfigurationPlatforms) = postSolution
		{1BCF4B0F-9F71-4D17-807F-EC366ABF0773}.Debug|Any CPU.ActiveCfg = Debug|Any CPU
		{1BCF4B0F-9F71-4D17-807F-EC366ABF0773}.Debug|Any CPU.Build.0 = Debug|Any CPU
		{1BCF4B0F-9F71-4D17-807F-EC366ABF0773}.Release|Any CPU.ActiveCfg = Release|Any CPU
		{1BCF4B0F-9F71-4D17-807F-EC366ABF0773}.Release|Any CPU.Build.0 = Release|Any CPU
		{625C54E8-DBFC-434E-BE7F-BDB65CD4AB77}.Debug|Any CPU.ActiveCfg = Debug|Any CPU
		{625C54E8-DBFC-434E-BE7F-BDB65CD4AB77}.Debug|Any CPU.Build.0 = Debug|Any CPU
		{625C54E8-DBFC-434E-BE7F-BDB65CD4AB77}.Release|Any CPU.ActiveCfg = Release|Any CPU
		{625C54E8-DBFC-434E-BE7F-BDB65CD4AB77}.Release|Any CPU.Build.0 = Release|Any CPU
	EndGlobalSection
	GlobalSection(SolutionProperties) = preSolution
		HideSolutionNode = FALSE
	EndGlobalSection
	GlobalSection(ExtensibilityGlobals) = postSolution
		SolutionGuid = {09F2C237-DEEC-4C8F-85D7-1B3161330498}
	EndGlobalSection
EndGlobal
